
Microsoft Visual Studio Solution File, Format Version 12.00
# Visual Studio Version 16
VisualStudioVersion = 16.0.29709.97
MinimumVisualStudioVersion = 10.0.40219.1
Project("{FAE04EC0-301F-11D3-BF4B-00C04F79EFBC}") = "nichirekiDownload", "nichirekiDownload\nichirekiDownload.csproj", "{3BAD5297-387A-443C-AE45-E799BDD755EA}"
EndProject
Global
	GlobalSection(SolutionConfigurationPlatforms) = preSolution
		Debug|Any CPU = Debug|Any CPU
		Release|Any CPU = Release|Any CPU
	EndGlobalSection
	GlobalSection(ProjectConfigurationPlatforms) = postSolution
		{3BAD5297-387A-443C-AE45-E799BDD755EA}.Debug|Any CPU.ActiveCfg = Debug|Any CPU
		{3BAD5297-387A-443C-AE45-E799BDD755EA}.Debug|Any CPU.Build.0 = Debug|Any CPU
		{3BAD5297-387A-443C-AE45-E799BDD755EA}.Release|Any CPU.ActiveCfg = Release|Any CPU
		{3BAD5297-387A-443C-AE45-E799BDD755EA}.Release|Any CPU.Build.0 = Release|Any CPU
	EndGlobalSection
	GlobalSection(SolutionProperties) = preSolution
		HideSolutionNode = FALSE
	EndGlobalSection
	GlobalSection(ExtensibilityGlobals) = postSolution
		SolutionGuid = {76B1256B-428E-4539-B101-438EB4B2FE7F}
	EndGlobalSection
EndGlobal
